
Microsoft Visual Studio Solution File, Format Version 12.00
# Visual Studio Version 17
VisualStudioVersion = 17.7.34024.191
MinimumVisualStudioVersion = 10.0.40219.1
Project("{FAE04EC0-301F-11D3-BF4B-00C04F79EFBC}") = "SistemLisensi", "SistemLisensi\SistemLisensi.csproj", "{1B04BDDD-AC24-4203-890A-3531ECE84DEF}"
EndProject
Global
	GlobalSection(SolutionConfigurationPlatforms) = preSolution
		Debug|Any CPU = Debug|Any CPU
		Release|Any CPU = Release|Any CPU
	EndGlobalSection
	GlobalSection(ProjectConfigurationPlatforms) = postSolution
		{1B04BDDD-AC24-4203-890A-3531ECE84DEF}.Debug|Any CPU.ActiveCfg = Debug|Any CPU
		{1B04BDDD-AC24-4203-890A-3531ECE84DEF}.Debug|Any CPU.Build.0 = Debug|Any CPU
		{1B04BDDD-AC24-4203-890A-3531ECE84DEF}.Release|Any CPU.ActiveCfg = Release|Any CPU
		{1B04BDDD-AC24-4203-890A-3531ECE84DEF}.Release|Any CPU.Build.0 = Release|Any CPU
	EndGlobalSection
	GlobalSection(SolutionProperties) = preSolution
		HideSolutionNode = FALSE
	EndGlobalSection
	GlobalSection(ExtensibilityGlobals) = postSolution
		SolutionGuid = {ED4C2A29-4FD9-4F5D-84E1-B43B3515A47F}
	EndGlobalSection
EndGlobal
